
Microsoft Visual Studio Solution File, Format Version 12.00
# Visual Studio Version 17
VisualStudioVersion = 17.2.32505.173
MinimumVisualStudioVersion = 10.0.40219.1
Project("{8BC9CEB8-8B4A-11D0-8D11-00A0C91BC942}") = "курсовая", "курсовая.vcxproj", "{5B564A91-1207-49A1-9BB3-399910D6B2AC}"
EndProject
Global
	GlobalSection(SolutionConfigurationPlatforms) = preSolution
		Debug|x64 = Debug|x64
		Debug|x86 = Debug|x86
		Release|x64 = Release|x64
		Release|x86 = Release|x86
	EndGlobalSection
	GlobalSection(ProjectConfigurationPlatforms) = postSolution
		{5B564A91-1207-49A1-9BB3-399910D6B2AC}.Debug|x64.ActiveCfg = Debug|x64
		{5B564A91-1207-49A1-9BB3-399910D6B2AC}.Debug|x64.Build.0 = Debug|x64
		{5B564A91-1207-49A1-9BB3-399910D6B2AC}.Debug|x86.ActiveCfg = Debug|Win32
		{5B564A91-1207-49A1-9BB3-399910D6B2AC}.Debug|x86.Build.0 = Debug|Win32
		{5B564A91-1207-49A1-9BB3-399910D6B2AC}.Release|x64.ActiveCfg = Release|x64
		{5B564A91-1207-49A1-9BB3-399910D6B2AC}.Release|x64.Build.0 = Release|x64
		{5B564A91-1207-49A1-9BB3-399910D6B2AC}.Release|x86.ActiveCfg = Release|Win32
		{5B564A91-1207-49A1-9BB3-399910D6B2AC}.Release|x86.Build.0 = Release|Win32
	EndGlobalSection
	GlobalSection(SolutionProperties) = preSolution
		HideSolutionNode = FALSE
	EndGlobalSection
	GlobalSection(ExtensibilityGlobals) = postSolution
		SolutionGuid = {CC260B68-46D5-43DF-929D-AFE15C5D1EAA}
	EndGlobalSection
EndGlobal
